
Microsoft Visual Studio Solution File, Format Version 12.00
# Visual Studio 15
VisualStudioVersion = 15.0.27004.2005
MinimumVisualStudioVersion = 10.0.40219.1
Project("{FAE04EC0-301F-11D3-BF4B-00C04F79EFBC}") = "CodingDojo5", "CodingDojo5\CodingDojo5.csproj", "{699CD042-5416-4AF3-AD4D-E3F76E54BA54}"
EndProject
Global
	GlobalSection(SolutionConfigurationPlatforms) = preSolution
		Debug|Any CPU = Debug|Any CPU
		Release|Any CPU = Release|Any CPU
	EndGlobalSection
	GlobalSection(ProjectConfigurationPlatforms) = postSolution
		{699CD042-5416-4AF3-AD4D-E3F76E54BA54}.Debug|Any CPU.ActiveCfg = Debug|Any CPU
		{699CD042-5416-4AF3-AD4D-E3F76E54BA54}.Debug|Any CPU.Build.0 = Debug|Any CPU
		{699CD042-5416-4AF3-AD4D-E3F76E54BA54}.Release|Any CPU.ActiveCfg = Release|Any CPU
		{699CD042-5416-4AF3-AD4D-E3F76E54BA54}.Release|Any CPU.Build.0 = Release|Any CPU
	EndGlobalSection
	GlobalSection(SolutionProperties) = preSolution
		HideSolutionNode = FALSE
	EndGlobalSection
	GlobalSection(ExtensibilityGlobals) = postSolution
		SolutionGuid = {332ACF94-431C-4214-9F22-B060DAD706F5}
	EndGlobalSection
EndGlobal
