
Microsoft Visual Studio Solution File, Format Version 12.00
# Visual Studio 15
VisualStudioVersion = 15.0.26730.16
MinimumVisualStudioVersion = 10.0.40219.1
Project("{FAE04EC0-301F-11D3-BF4B-00C04F79EFBC}") = "CD5_Client", "CD5_Client\CD5_Client.csproj", "{1EA9A655-7EDF-47DE-B5CC-0FE83184F099}"
EndProject
Project("{FAE04EC0-301F-11D3-BF4B-00C04F79EFBC}") = "CD5_Server", "CD5_Server\CD5_Server.csproj", "{6A6F6D74-048F-4565-B599-4EA9B7DB4A0C}"
EndProject
Project("{FAE04EC0-301F-11D3-BF4B-00C04F79EFBC}") = "CD5_FileHandler", "CD5_FileHandler\CD5_FileHandler.csproj", "{FB01478A-A24A-44D9-84A4-71CE7113E832}"
EndProject
Global
	GlobalSection(SolutionConfigurationPlatforms) = preSolution
		Debug|Any CPU = Debug|Any CPU
		Debug|ARM = Debug|ARM
		Debug|x64 = Debug|x64
		Debug|x86 = Debug|x86
		Release|Any CPU = Release|Any CPU
		Release|ARM = Release|ARM
		Release|x64 = Release|x64
		Release|x86 = Release|x86
	EndGlobalSection
	GlobalSection(ProjectConfigurationPlatforms) = postSolution
		{1EA9A655-7EDF-47DE-B5CC-0FE83184F099}.Debug|Any CPU.ActiveCfg = Debug|Any CPU
		{1EA9A655-7EDF-47DE-B5CC-0FE83184F099}.Debug|Any CPU.Build.0 = Debug|Any CPU
		{1EA9A655-7EDF-47DE-B5CC-0FE83184F099}.Debug|ARM.ActiveCfg = Debug|Any CPU
		{1EA9A655-7EDF-47DE-B5CC-0FE83184F099}.Debug|ARM.Build.0 = Debug|Any CPU
		{1EA9A655-7EDF-47DE-B5CC-0FE83184F099}.Debug|x64.ActiveCfg = Debug|Any CPU
		{1EA9A655-7EDF-47DE-B5CC-0FE83184F099}.Debug|x64.Build.0 = Debug|Any CPU
		{1EA9A655-7EDF-47DE-B5CC-0FE83184F099}.Debug|x86.ActiveCfg = Debug|Any CPU
		{1EA9A655-7EDF-47DE-B5CC-0FE83184F099}.Debug|x86.Build.0 = Debug|Any CPU
		{1EA9A655-7EDF-47DE-B5CC-0FE83184F099}.Release|Any CPU.ActiveCfg = Release|Any CPU
		{1EA9A655-7EDF-47DE-B5CC-0FE83184F099}.Release|Any CPU.Build.0 = Release|Any CPU
		{1EA9A655-7EDF-47DE-B5CC-0FE83184F099}.Release|ARM.ActiveCfg = Release|Any CPU
		{1EA9A655-7EDF-47DE-B5CC-0FE83184F099}.Release|ARM.Build.0 = Release|Any CPU
		{1EA9A655-7EDF-47DE-B5CC-0FE83184F099}.Release|x64.ActiveCfg = Release|Any CPU
		{1EA9A655-7EDF-47DE-B5CC-0FE83184F099}.Release|x64.Build.0 = Release|Any CPU
		{1EA9A655-7EDF-47DE-B5CC-0FE83184F099}.Release|x86.ActiveCfg = Release|Any CPU
		{1EA9A655-7EDF-47DE-B5CC-0FE83184F099}.Release|x86.Build.0 = Release|Any CPU
		{6A6F6D74-048F-4565-B599-4EA9B7DB4A0C}.Debug|Any CPU.ActiveCfg = Debug|Any CPU
		{6A6F6D74-048F-4565-B599-4EA9B7DB4A0C}.Debug|Any CPU.Build.0 = Debug|Any CPU
		{6A6F6D74-048F-4565-B599-4EA9B7DB4A0C}.Debug|ARM.ActiveCfg = Debug|Any CPU
		{6A6F6D74-048F-4565-B599-4EA9B7DB4A0C}.Debug|ARM.Build.0 = Debug|Any CPU
		{6A6F6D74-048F-4565-B599-4EA9B7DB4A0C}.Debug|x64.ActiveCfg = Debug|Any CPU
		{6A6F6D74-048F-4565-B599-4EA9B7DB4A0C}.Debug|x64.Build.0 = Debug|Any CPU
		{6A6F6D74-048F-4565-B599-4EA9B7DB4A0C}.Debug|x86.ActiveCfg = Debug|Any CPU
		{6A6F6D74-048F-4565-B599-4EA9B7DB4A0C}.Debug|x86.Build.0 = Debug|Any CPU
		{6A6F6D74-048F-4565-B599-4EA9B7DB4A0C}.Release|Any CPU.ActiveCfg = Release|Any CPU
		{6A6F6D74-048F-4565-B599-4EA9B7DB4A0C}.Release|Any CPU.Build.0 = Release|Any CPU
		{6A6F6D74-048F-4565-B599-4EA9B7DB4A0C}.Release|ARM.ActiveCfg = Release|Any CPU
		{6A6F6D74-048F-4565-B599-4EA9B7DB4A0C}.Release|ARM.Build.0 = Release|Any CPU
		{6A6F6D74-048F-4565-B599-4EA9B7DB4A0C}.Release|x64.ActiveCfg = Release|Any CPU
		{6A6F6D74-048F-4565-B599-4EA9B7DB4A0C}.Release|x64.Build.0 = Release|Any CPU
		{6A6F6D74-048F-4565-B599-4EA9B7DB4A0C}.Release|x86.ActiveCfg = Release|Any CPU
		{6A6F6D74-048F-4565-B599-4EA9B7DB4A0C}.Release|x86.Build.0 = Release|Any CPU
		{FB01478A-A24A-44D9-84A4-71CE7113E832}.Debug|Any CPU.ActiveCfg = Debug|Any CPU
		{FB01478A-A24A-44D9-84A4-71CE7113E832}.Debug|Any CPU.Build.0 = Debug|Any CPU
		{FB01478A-A24A-44D9-84A4-71CE7113E832}.Debug|ARM.ActiveCfg = Debug|Any CPU
		{FB01478A-A24A-44D9-84A4-71CE7113E832}.Debug|ARM.Build.0 = Debug|Any CPU
		{FB01478A-A24A-44D9-84A4-71CE7113E832}.Debug|x64.ActiveCfg = Debug|Any CPU
		{FB01478A-A24A-44D9-84A4-71CE7113E832}.Debug|x64.Build.0 = Debug|Any CPU
		{FB01478A-A24A-44D9-84A4-71CE7113E832}.Debug|x86.ActiveCfg = Debug|Any CPU
		{FB01478A-A24A-44D9-84A4-71CE7113E832}.Debug|x86.Build.0 = Debug|Any CPU
		{FB01478A-A24A-44D9-84A4-71CE7113E832}.Release|Any CPU.ActiveCfg = Release|Any CPU
		{FB01478A-A24A-44D9-84A4-71CE7113E832}.Release|Any CPU.Build.0 = Release|Any CPU
		{FB01478A-A24A-44D9-84A4-71CE7113E832}.Release|ARM.ActiveCfg = Release|Any CPU
		{FB01478A-A24A-44D9-84A4-71CE7113E832}.Release|ARM.Build.0 = Release|Any CPU
		{FB01478A-A24A-44D9-84A4-71CE7113E832}.Release|x64.ActiveCfg = Release|Any CPU
		{FB01478A-A24A-44D9-84A4-71CE7113E832}.Release|x64.Build.0 = Release|Any CPU
		{FB01478A-A24A-44D9-84A4-71CE7113E832}.Release|x86.ActiveCfg = Release|Any CPU
		{FB01478A-A24A-44D9-84A4-71CE7113E832}.Release|x86.Build.0 = Release|Any CPU
	EndGlobalSection
	GlobalSection(SolutionProperties) = preSolution
		HideSolutionNode = FALSE
	EndGlobalSection
	GlobalSection(ExtensibilityGlobals) = postSolution
		SolutionGuid = {332ACF94-431C-4214-9F22-B060DAD706F5}
	EndGlobalSection
EndGlobal
